{
  "originHash" : "72127eec4526ed3c8af0e1d1d018aa704e55f2e3cc3f894d7d74ebc285fede99",
  "pins" : [
    {
      "identity" : "locationservice",
      "kind" : "remoteSourceControl",
      "location" : "https://github.com/Yoji-kms/LocationService",
      "state" : {
        "branch" : "main",
        "revision" : "311073f703b0997cf01fef48af9c27b03df8e3df"
      }
    },
    {
      "identity" : "weathernetworkservice",
      "kind" : "remoteSourceControl",
      "location" : "https://github.com/Yoji-kms/WeatherNetworkService",
      "state" : {
        "branch" : "main",
        "revision" : "68b52860e67d52b8bc864b9271e941450b4fc13e"
      }
    }
  ],
  "version" : 3
}
